PODS:
  - SDWebImage (4.0.0-beta2):
    - SDWebImage/Core (= 4.0.0-beta2)
  - SDWebImage/Core (4.0.0-beta2)

DEPENDENCIES:
  - SDWebImage (~> 4.0.0-beta2)

SPEC CHECKSUMS:
  SDWebImage: e379f33106cf8d6766f970c0ef1c3fb609c94d78

PODFILE CHECKSUM: b4fff731610879cbc5c2f40933c47a44a33d847c

COCOAPODS: 1.1.1
